// !$*UTF8*$!
{
	archiveVersion = 1;
	classes = {
	};
	objectVersion = 56;
	objects = {

/* Begin PBXBuildFile section */
		42A2824A1DB1C1F0F2EA54A7 /* ContentView.swift in Sources */ = {isa = PBXBuildFile; fileRef = 3AFB72C96BEAD7A17C762BDD /* ContentView.swift */; };
		59B4E0ACD503D847855D93A5 /* LiveViewNative in Frameworks */ = {isa = PBXBuildFile; productRef = 24BD9BB462C591214645BF42 /* LiveViewNative */; };
		774B6B6DA2F810B0FDC55A02 /* LvnWorkshop.swift in Sources */ = {isa = PBXBuildFile; fileRef = 634A67726A15D52A98A57C58 /* LvnWorkshop.swift */; };
		7B4B0570E1CBBAE2C958FF59 /* Assets.xcassets in Resources */ = {isa = PBXBuildFile; fileRef = E96FCEFBB27C7374438FB4D9 /* Assets.xcassets */; };
		85510C892D1E442820E4EB6A /* DisconnectedView.swift in Sources */ = {isa = PBXBuildFile; fileRef = 7E1A7F0097D9DF5B0233FC36 /* DisconnectedView.swift */; };
		88D72EF87B38FC66069C65D0 /* ReconnectingView.swift in Sources */ = {isa = PBXBuildFile; fileRef = 59D5D7E21F19B2B2C501BF6C /* ReconnectingView.swift */; };
		952DEE74BF7A882929664155 /* Preview Assets.xcassets in Resources */ = {isa = PBXBuildFile; fileRef = 22F2D879C63DA2E629587B62 /* Preview Assets.xcassets */; };
		C0E78796B30D3827D99CF500 /* ErrorView.swift in Sources */ = {isa = PBXBuildFile; fileRef = 430C761235E6DD369AA3404A /* ErrorView.swift */; };
		F7F944E02B6D4C4900C904E6 /* LiveViewNativeMapKit in Frameworks */ = {isa = PBXBuildFile; productRef = F7F944DF2B6D4C4900C904E6 /* LiveViewNativeMapKit */; };
/* End PBXBuildFile section */

/* Begin PBXFileReference section */
		22F2D879C63DA2E629587B62 /* Preview Assets.xcassets */ = {isa = PBXFileReference; lastKnownFileType = folder.assetcatalog; path = "Preview Assets.xcassets"; sourceTree = "<group>"; };
		3AFB72C96BEAD7A17C762BDD /* ContentView.swift */ = {isa = PBXFileReference; lastKnownFileType = sourcecode.swift; path = ContentView.swift; sourceTree = "<group>"; };
		430C761235E6DD369AA3404A /* ErrorView.swift */ = {isa = PBXFileReference; lastKnownFileType = sourcecode.swift; path = ErrorView.swift; sourceTree = "<group>"; };
		59D5D7E21F19B2B2C501BF6C /* ReconnectingView.swift */ = {isa = PBXFileReference; lastKnownFileType = sourcecode.swift; path = ReconnectingView.swift; sourceTree = "<group>"; };
		634A67726A15D52A98A57C58 /* LvnWorkshop.swift */ = {isa = PBXFileReference; lastKnownFileType = sourcecode.swift; path = LvnWorkshop.swift; sourceTree = "<group>"; };
		7E1A7F0097D9DF5B0233FC36 /* DisconnectedView.swift */ = {isa = PBXFileReference; lastKnownFileType = sourcecode.swift; path = DisconnectedView.swift; sourceTree = "<group>"; };
		90C6720C565A79D5E93DCB22 /* LvnWorkshop.app */ = {isa = PBXFileReference; includeInIndex = 0; lastKnownFileType = wrapper.application; path = LvnWorkshop.app; sourceTree = BUILT_PRODUCTS_DIR; };
		E96FCEFBB27C7374438FB4D9 /* Assets.xcassets */ = {isa = PBXFileReference; lastKnownFileType = folder.assetcatalog; path = Assets.xcassets; sourceTree = "<group>"; };
/* End PBXFileReference section */

/* Begin PBXFrameworksBuildPhase section */
		4DFFE82930FDABCC338DE69A /* Frameworks */ = {
			isa = PBXFrameworksBuildPhase;
			buildActionMask = 2147483647;
			files = (
				F7F944E02B6D4C4900C904E6 /* LiveViewNativeMapKit in Frameworks */,
				59B4E0ACD503D847855D93A5 /* LiveViewNative in Frameworks */,
			);
			runOnlyForDeploymentPostprocessing = 0;
		};
/* End PBXFrameworksBuildPhase section */

/* Begin PBXGroup section */
		13E6DCE9F6C89BA6BA3566A5 /* Preview Content */ = {
			isa = PBXGroup;
			children = (
				22F2D879C63DA2E629587B62 /* Preview Assets.xcassets */,
			);
			path = "Preview Content";
			sourceTree = "<group>";
		};
		32D0371926CE0C0C05B67BCB /* LvnWorkshop */ = {
			isa = PBXGroup;
			children = (
				13E6DCE9F6C89BA6BA3566A5 /* Preview Content */,
				E96FCEFBB27C7374438FB4D9 /* Assets.xcassets */,
				3AFB72C96BEAD7A17C762BDD /* ContentView.swift */,
				7E1A7F0097D9DF5B0233FC36 /* DisconnectedView.swift */,
				430C761235E6DD369AA3404A /* ErrorView.swift */,
				634A67726A15D52A98A57C58 /* LvnWorkshop.swift */,
				59D5D7E21F19B2B2C501BF6C /* ReconnectingView.swift */,
			);
			name = LvnWorkshop;
			path = Sources/LvnWorkshop;
			sourceTree = "<group>";
		};
		4F7616A023FD0FF0C8065440 = {
			isa = PBXGroup;
			children = (
				32D0371926CE0C0C05B67BCB /* LvnWorkshop */,
				64620D8A52EF6115EA3E4E7A /* Products */,
			);
			sourceTree = "<group>";
		};
		64620D8A52EF6115EA3E4E7A /* Products */ = {
			isa = PBXGroup;
			children = (
				90C6720C565A79D5E93DCB22 /* LvnWorkshop.app */,
			);
			name = Products;
			sourceTree = "<group>";
		};
/* End PBXGroup section */

/* Begin PBXNativeTarget section */
		F48831E4F50BF7F102923363 /* LvnWorkshop */ = {
			isa = PBXNativeTarget;
			buildConfigurationList = A053AAE4607FAB9FFD78AD41 /* Build configuration list for PBXNativeTarget "LvnWorkshop" */;
			buildPhases = (
				AB4D52A9C1C3C0C96D11726C /* Sources */,
				80C388C09380A7F44422261A /* Resources */,
				4DFFE82930FDABCC338DE69A /* Frameworks */,
			);
			buildRules = (
			);
			dependencies = (
			);
			name = LvnWorkshop;
			packageProductDependencies = (
				24BD9BB462C591214645BF42 /* LiveViewNative */,
				F7F944DF2B6D4C4900C904E6 /* LiveViewNativeMapKit */,
			);
			productName = LvnWorkshop;
			productReference = 90C6720C565A79D5E93DCB22 /* LvnWorkshop.app */;
			productType = "com.apple.product-type.application";
		};
/* End PBXNativeTarget section */

/* Begin PBXProject section */
		A0FAC975375A1032D8268022 /* Project object */ = {
			isa = PBXProject;
			attributes = {
				BuildIndependentTargetsInParallel = YES;
				LastUpgradeCheck = 1430;
			};
			buildConfigurationList = A64173181B0D7072D8C5C8C9 /* Build configuration list for PBXProject "LvnWorkshop" */;
			compatibilityVersion = "Xcode 14.0";
			developmentRegion = en;
			hasScannedForEncodings = 0;
			knownRegions = (
				Base,
				en,
			);
			mainGroup = 4F7616A023FD0FF0C8065440;
			packageReferences = (
				4D158BB34730BDA6780B6CF3 /* XCRemoteSwiftPackageReference "liveview-client-swiftui" */,
				F7F944DE2B6D4C4900C904E6 /* XCRemoteSwiftPackageReference "liveview-native-swiftui-mapkit" */,
			);
			projectDirPath = "";
			projectRoot = "";
			targets = (
				F48831E4F50BF7F102923363 /* LvnWorkshop */,
			);
		};
/* End PBXProject section */

/* Begin PBXResourcesBuildPhase section */
		80C388C09380A7F44422261A /* Resources */ = {
			isa = PBXResourcesBuildPhase;
			buildActionMask = 2147483647;
			files = (
				7B4B0570E1CBBAE2C958FF59 /* Assets.xcassets in Resources */,
				952DEE74BF7A882929664155 /* Preview Assets.xcassets in Resources */,
			);
			runOnlyForDeploymentPostprocessing = 0;
		};
/* End PBXResourcesBuildPhase section */

/* Begin PBXSourcesBuildPhase section */
		AB4D52A9C1C3C0C96D11726C /* Sources */ = {
			isa = PBXSourcesBuildPhase;
			buildActionMask = 2147483647;
			files = (
				42A2824A1DB1C1F0F2EA54A7 /* ContentView.swift in Sources */,
				85510C892D1E442820E4EB6A /* DisconnectedView.swift in Sources */,
				C0E78796B30D3827D99CF500 /* ErrorView.swift in Sources */,
				774B6B6DA2F810B0FDC55A02 /* LvnWorkshop.swift in Sources */,
				88D72EF87B38FC66069C65D0 /* ReconnectingView.swift in Sources */,
			);
			runOnlyForDeploymentPostprocessing = 0;
		};
/* End PBXSourcesBuildPhase section */

/* Begin XCBuildConfiguration section */
		53F489860310976F253C8356 /* Release */ = {
			isa = XCBuildConfiguration;
			buildSettings = {
				ASSETCATALOG_COMPILER_APPICON_NAME = AppIcon;
				CODE_SIGN_IDENTITY = "iPhone Developer";
				LD_RUNPATH_SEARCH_PATHS = (
					"$(inherited)",
					"@executable_path/Frameworks",
				);
				PRODUCT_BUNDLE_IDENTIFIER = com.example.LvnWorkshop;
				SDKROOT = auto;
				SUPPORTED_PLATFORMS = "iphoneos iphonesimulator";
				SUPPORTS_MACCATALYST = NO;
				SUPPORTS_MAC_DESIGNED_FOR_IPHONE_IPAD = YES;
				SUPPORTS_XR_DESIGNED_FOR_IPHONE_IPAD = YES;
				TARGETED_DEVICE_FAMILY = "1,2";
			};
			name = Release;
		};
		837E05705410B178C0F938B9 /* Release */ = {
			isa = XCBuildConfiguration;
			buildSettings = {
				ALWAYS_SEARCH_USER_PATHS = NO;
				ASSETCATALOG_COMPILER_GENERATE_SWIFT_ASSET_SYMBOL_EXTENSIONS = YES;
				CLANG_ANALYZER_NONNULL = YES;
				CLANG_ANALYZER_NUMBER_OBJECT_CONVERSION = YES_AGGRESSIVE;
				CLANG_CXX_LANGUAGE_STANDARD = "gnu++14";
				CLANG_CXX_LIBRARY = "libc++";
				CLANG_ENABLE_MODULES = YES;
				CLANG_ENABLE_OBJC_ARC = YES;
				CLANG_ENABLE_OBJC_WEAK = YES;
				CLANG_WARN_BLOCK_CAPTURE_AUTORELEASING = YES;
				CLANG_WARN_BOOL_CONVERSION = YES;
				CLANG_WARN_COMMA = YES;
				CLANG_WARN_CONSTANT_CONVERSION = YES;
				CLANG_WARN_DEPRECATED_OBJC_IMPLEMENTATIONS = YES;
				CLANG_WARN_DIRECT_OBJC_ISA_USAGE = YES_ERROR;
				CLANG_WARN_DOCUMENTATION_COMMENTS = YES;
				CLANG_WARN_EMPTY_BODY = YES;
				CLANG_WARN_ENUM_CONVERSION = YES;
				CLANG_WARN_INFINITE_RECURSION = YES;
				CLANG_WARN_INT_CONVERSION = YES;
				CLANG_WARN_NON_LITERAL_NULL_CONVERSION = YES;
				CLANG_WARN_OBJC_IMPLICIT_RETAIN_SELF = YES;
				CLANG_WARN_OBJC_LITERAL_CONVERSION = YES;
				CLANG_WARN_OBJC_ROOT_CLASS = YES_ERROR;
				CLANG_WARN_QUOTED_INCLUDE_IN_FRAMEWORK_HEADER = YES;
				CLANG_WARN_RANGE_LOOP_ANALYSIS = YES;
				CLANG_WARN_STRICT_PROTOTYPES = YES;
				CLANG_WARN_SUSPICIOUS_MOVE = YES;
				CLANG_WARN_UNGUARDED_AVAILABILITY = YES_AGGRESSIVE;
				CLANG_WARN_UNREACHABLE_CODE = YES;
				CLANG_WARN__DUPLICATE_METHOD_MATCH = YES;
				COPY_PHASE_STRIP = NO;
				CURRENT_PROJECT_VERSION = 1.0;
				DEAD_CODE_STRIPPING = YES;
				DEBUG_INFORMATION_FORMAT = "dwarf-with-dsym";
				ENABLE_NS_ASSERTIONS = NO;
				ENABLE_STRICT_OBJC_MSGSEND = YES;
				ENABLE_USER_SCRIPT_SANDBOXING = YES;
				GCC_C_LANGUAGE_STANDARD = gnu11;
				GCC_NO_COMMON_BLOCKS = YES;
				GCC_WARN_64_TO_32_BIT_CONVERSION = YES;
				GCC_WARN_ABOUT_RETURN_TYPE = YES_ERROR;
				GCC_WARN_UNDECLARED_SELECTOR = YES;
				GCC_WARN_UNINITIALIZED_AUTOS = YES_AGGRESSIVE;
				GCC_WARN_UNUSED_FUNCTION = YES;
				GCC_WARN_UNUSED_VARIABLE = YES;
				GENERATE_INFOPLIST_FILE = YES;
				INFOPLIST_KEY_CFBundleDisplayName = LvnWorkshop;
				INFOPLIST_KEY_UILaunchScreen_Generation = YES;
				INFOPLIST_KEY_WKCompanionAppBundleIdentifier = com.example.LvnWorkshop;
				INFOPLIST_KEY_WKRunsIndependentlyOfCompanionApp = YES;
				IPHONEOS_DEPLOYMENT_TARGET = 17.0;
				MACOSX_DEPLOYMENT_TARGET = 13.0;
				MARKETING_VERSION = 1.0;
				MTL_ENABLE_DEBUG_INFO = NO;
				MTL_FAST_MATH = YES;
				PRODUCT_NAME = "$(TARGET_NAME)";
				SDKROOT = auto;
				SWIFT_COMPILATION_MODE = wholemodule;
				SWIFT_OPTIMIZATION_LEVEL = "-O";
				SWIFT_VERSION = 5.0;
				TVOS_DEPLOYMENT_TARGET = 16.0;
				WATCHOS_DEPLOYMENT_TARGET = 9.0;
			};
			name = Release;
		};
		C3ED53A71A4E6AD8AEB7E9B3 /* Debug */ = {
			isa = XCBuildConfiguration;
			buildSettings = {
				ALWAYS_SEARCH_USER_PATHS = NO;
				ASSETCATALOG_COMPILER_GENERATE_SWIFT_ASSET_SYMBOL_EXTENSIONS = YES;
				CLANG_ANALYZER_NONNULL = YES;
				CLANG_ANALYZER_NUMBER_OBJECT_CONVERSION = YES_AGGRESSIVE;
				CLANG_CXX_LANGUAGE_STANDARD = "gnu++14";
				CLANG_CXX_LIBRARY = "libc++";
				CLANG_ENABLE_MODULES = YES;
				CLANG_ENABLE_OBJC_ARC = YES;
				CLANG_ENABLE_OBJC_WEAK = YES;
				CLANG_WARN_BLOCK_CAPTURE_AUTORELEASING = YES;
				CLANG_WARN_BOOL_CONVERSION = YES;
				CLANG_WARN_COMMA = YES;
				CLANG_WARN_CONSTANT_CONVERSION = YES;
				CLANG_WARN_DEPRECATED_OBJC_IMPLEMENTATIONS = YES;
				CLANG_WARN_DIRECT_OBJC_ISA_USAGE = YES_ERROR;
				CLANG_WARN_DOCUMENTATION_COMMENTS = YES;
				CLANG_WARN_EMPTY_BODY = YES;
				CLANG_WARN_ENUM_CONVERSION = YES;
				CLANG_WARN_INFINITE_RECURSION = YES;
				CLANG_WARN_INT_CONVERSION = YES;
				CLANG_WARN_NON_LITERAL_NULL_CONVERSION = YES;
				CLANG_WARN_OBJC_IMPLICIT_RETAIN_SELF = YES;
				CLANG_WARN_OBJC_LITERAL_CONVERSION = YES;
				CLANG_WARN_OBJC_ROOT_CLASS = YES_ERROR;
				CLANG_WARN_QUOTED_INCLUDE_IN_FRAMEWORK_HEADER = YES;
				CLANG_WARN_RANGE_LOOP_ANALYSIS = YES;
				CLANG_WARN_STRICT_PROTOTYPES = YES;
				CLANG_WARN_SUSPICIOUS_MOVE = YES;
				CLANG_WARN_UNGUARDED_AVAILABILITY = YES_AGGRESSIVE;
				CLANG_WARN_UNREACHABLE_CODE = YES;
				CLANG_WARN__DUPLICATE_METHOD_MATCH = YES;
				COPY_PHASE_STRIP = NO;
				CURRENT_PROJECT_VERSION = 1.0;
				DEAD_CODE_STRIPPING = YES;
				DEBUG_INFORMATION_FORMAT = dwarf;
				ENABLE_STRICT_OBJC_MSGSEND = YES;
				ENABLE_TESTABILITY = YES;
				ENABLE_USER_SCRIPT_SANDBOXING = YES;
				GCC_C_LANGUAGE_STANDARD = gnu11;
				GCC_DYNAMIC_NO_PIC = NO;
				GCC_NO_COMMON_BLOCKS = YES;
				GCC_OPTIMIZATION_LEVEL = 0;
				GCC_PREPROCESSOR_DEFINITIONS = (
					"$(inherited)",
					"DEBUG=1",
				);
				GCC_WARN_64_TO_32_BIT_CONVERSION = YES;
				GCC_WARN_ABOUT_RETURN_TYPE = YES_ERROR;
				GCC_WARN_UNDECLARED_SELECTOR = YES;
				GCC_WARN_UNINITIALIZED_AUTOS = YES_AGGRESSIVE;
				GCC_WARN_UNUSED_FUNCTION = YES;
				GCC_WARN_UNUSED_VARIABLE = YES;
				GENERATE_INFOPLIST_FILE = YES;
				INFOPLIST_KEY_CFBundleDisplayName = LvnWorkshop;
				INFOPLIST_KEY_UILaunchScreen_Generation = YES;
				INFOPLIST_KEY_WKCompanionAppBundleIdentifier = com.example.LvnWorkshop;
				INFOPLIST_KEY_WKRunsIndependentlyOfCompanionApp = YES;
				IPHONEOS_DEPLOYMENT_TARGET = 17.0;
				MACOSX_DEPLOYMENT_TARGET = 13.0;
				MARKETING_VERSION = 1.0;
				MTL_ENABLE_DEBUG_INFO = INCLUDE_SOURCE;
				MTL_FAST_MATH = YES;
				ONLY_ACTIVE_ARCH = YES;
				PRODUCT_NAME = "$(TARGET_NAME)";
				SDKROOT = auto;
				SWIFT_ACTIVE_COMPILATION_CONDITIONS = DEBUG;
				SWIFT_OPTIMIZATION_LEVEL = "-Onone";
				SWIFT_VERSION = 5.0;
				TVOS_DEPLOYMENT_TARGET = 16.0;
				WATCHOS_DEPLOYMENT_TARGET = 9.0;
			};
			name = Debug;
		};
		D9AF3CCFF2B6FA0AF6570460 /* Debug */ = {
			isa = XCBuildConfiguration;
			buildSettings = {
				ASSETCATALOG_COMPILER_APPICON_NAME = AppIcon;
				CODE_SIGN_IDENTITY = "iPhone Developer";
				LD_RUNPATH_SEARCH_PATHS = (
					"$(inherited)",
					"@executable_path/Frameworks",
				);
				PRODUCT_BUNDLE_IDENTIFIER = com.example.LvnWorkshop;
				SDKROOT = auto;
				SUPPORTED_PLATFORMS = "iphoneos iphonesimulator";
				SUPPORTS_MACCATALYST = NO;
				SUPPORTS_MAC_DESIGNED_FOR_IPHONE_IPAD = YES;
				SUPPORTS_XR_DESIGNED_FOR_IPHONE_IPAD = YES;
				TARGETED_DEVICE_FAMILY = "1,2";
			};
			name = Debug;
		};
/* End XCBuildConfiguration section */

/* Begin XCConfigurationList section */
		A053AAE4607FAB9FFD78AD41 /* Build configuration list for PBXNativeTarget "LvnWorkshop" */ = {
			isa = XCConfigurationList;
			buildConfigurations = (
				D9AF3CCFF2B6FA0AF6570460 /* Debug */,
				53F489860310976F253C8356 /* Release */,
			);
			defaultConfigurationIsVisible = 0;
			defaultConfigurationName = Debug;
		};
		A64173181B0D7072D8C5C8C9 /* Build configuration list for PBXProject "LvnWorkshop" */ = {
			isa = XCConfigurationList;
			buildConfigurations = (
				C3ED53A71A4E6AD8AEB7E9B3 /* Debug */,
				837E05705410B178C0F938B9 /* Release */,
			);
			defaultConfigurationIsVisible = 0;
			defaultConfigurationName = Debug;
		};
/* End XCConfigurationList section */

/* Begin XCRemoteSwiftPackageReference section */
		4D158BB34730BDA6780B6CF3 /* XCRemoteSwiftPackageReference "liveview-client-swiftui" */ = {
			isa = XCRemoteSwiftPackageReference;
			repositoryURL = "https://github.com/liveview-native/liveview-client-swiftui";
			requirement = {
				kind = upToNextMajorVersion;
				minimumVersion = "0.3.0-alpha.4";
			};
		};
		F7F944DE2B6D4C4900C904E6 /* XCRemoteSwiftPackageReference "liveview-native-swiftui-mapkit" */ = {
			isa = XCRemoteSwiftPackageReference;
			repositoryURL = "https://github.com/liveview-native/liveview-native-swiftui-mapkit.git";
			requirement = {
				kind = exactVersion;
				version = "0.3.0-alpha.3";
			};
		};
/* End XCRemoteSwiftPackageReference section */

/* Begin XCSwiftPackageProductDependency section */
		24BD9BB462C591214645BF42 /* LiveViewNative */ = {
			isa = XCSwiftPackageProductDependency;
			package = 4D158BB34730BDA6780B6CF3 /* XCRemoteSwiftPackageReference "liveview-client-swiftui" */;
			productName = LiveViewNative;
		};
		F7F944DF2B6D4C4900C904E6 /* LiveViewNativeMapKit */ = {
			isa = XCSwiftPackageProductDependency;
			package = F7F944DE2B6D4C4900C904E6 /* XCRemoteSwiftPackageReference "liveview-native-swiftui-mapkit" */;
			productName = LiveViewNativeMapKit;
		};
/* End XCSwiftPackageProductDependency section */
	};
	rootObject = A0FAC975375A1032D8268022 /* Project object */;
}
